
Microsoft Visual Studio Solution File, Format Version 12.00
# Visual Studio Version 16
VisualStudioVersion = 16.0.29911.84
MinimumVisualStudioVersion = 10.0.40219.1
Project("{2150E333-8FDC-42A3-9474-1A3956D46DE8}") = "PL", "PL", "{8EBF4B11-E69E-43F4-ADAB-2DAC57BDD860}"
EndProject
Project("{2150E333-8FDC-42A3-9474-1A3956D46DE8}") = "BLL", "BLL", "{F6AC6A5B-B1FC-452E-9997-4B801A3E1C1F}"
EndProject
Project("{2150E333-8FDC-42A3-9474-1A3956D46DE8}") = "DAL", "DAL", "{9DBE6E98-1328-4F60-A002-E65744F327FC}"
EndProject
Project("{FAE04EC0-301F-11D3-BF4B-00C04F79EFBC}") = "FitnessCenter.BLL.Interface", "FitnessCenter.BLL.Interface\FitnessCenter.BLL.Interface.csproj", "{5179E574-5FDE-4742-8D59-FFF8754FC605}"
EndProject
Project("{FAE04EC0-301F-11D3-BF4B-00C04F79EFBC}") = "FitnessCenter.DAL", "FitnessCenter.DAL\FitnessCenter.DAL.csproj", "{BD88326B-C017-4E3F-992C-FA06561A6468}"
EndProject
Project("{FAE04EC0-301F-11D3-BF4B-00C04F79EFBC}") = "FitnessCenter.DAL.Interface", "FitnessCenter.DAL.Interface\FitnessCenter.DAL.Interface.csproj", "{5D6FF352-F642-4EBB-BBF0-815735046FF5}"
EndProject
Project("{FAE04EC0-301F-11D3-BF4B-00C04F79EFBC}") = "FitnessCenter.ConsolePL", "FitnessCenter.ConsolePL\FitnessCenter.ConsolePL.csproj", "{2A0B160D-FB09-4980-B5B0-70E8E0366C43}"
EndProject
Project("{2150E333-8FDC-42A3-9474-1A3956D46DE8}") = "Common", "Common", "{DB7C4262-E68C-4080-BBE9-43BF7FF3070A}"
EndProject
Project("{FAE04EC0-301F-11D3-BF4B-00C04F79EFBC}") = "FitnessCenter.Entities", "FitnessCenter.Entities\FitnessCenter.Entities.csproj", "{C9EE2464-548E-4179-8B3E-00C55D07CBB5}"
EndProject
Project("{FAE04EC0-301F-11D3-BF4B-00C04F79EFBC}") = "FitnessCenter.Ioc", "FitnessCenter.Common\FitnessCenter.Ioc.csproj", "{B1E132FB-DDA1-425B-8D02-D41A3D91BF69}"
EndProject
Project("{FAE04EC0-301F-11D3-BF4B-00C04F79EFBC}") = "FitnessCenter.BLL", "FitnessCenter.BLL\FitnessCenter.BLL.csproj", "{EB4B8D07-BC91-465A-B971-ED2B736F7A9B}"
EndProject
Global
	GlobalSection(SolutionConfigurationPlatforms) = preSolution
		Debug|Any CPU = Debug|Any CPU
		Release|Any CPU = Release|Any CPU
	EndGlobalSection
	GlobalSection(ProjectConfigurationPlatforms) = postSolution
		{5179E574-5FDE-4742-8D59-FFF8754FC605}.Debug|Any CPU.ActiveCfg = Debug|Any CPU
		{5179E574-5FDE-4742-8D59-FFF8754FC605}.Debug|Any CPU.Build.0 = Debug|Any CPU
		{5179E574-5FDE-4742-8D59-FFF8754FC605}.Release|Any CPU.ActiveCfg = Release|Any CPU
		{5179E574-5FDE-4742-8D59-FFF8754FC605}.Release|Any CPU.Build.0 = Release|Any CPU
		{BD88326B-C017-4E3F-992C-FA06561A6468}.Debug|Any CPU.ActiveCfg = Debug|Any CPU
		{BD88326B-C017-4E3F-992C-FA06561A6468}.Debug|Any CPU.Build.0 = Debug|Any CPU
		{BD88326B-C017-4E3F-992C-FA06561A6468}.Release|Any CPU.ActiveCfg = Release|Any CPU
		{BD88326B-C017-4E3F-992C-FA06561A6468}.Release|Any CPU.Build.0 = Release|Any CPU
		{5D6FF352-F642-4EBB-BBF0-815735046FF5}.Debug|Any CPU.ActiveCfg = Debug|Any CPU
		{5D6FF352-F642-4EBB-BBF0-815735046FF5}.Debug|Any CPU.Build.0 = Debug|Any CPU
		{5D6FF352-F642-4EBB-BBF0-815735046FF5}.Release|Any CPU.ActiveCfg = Release|Any CPU
		{5D6FF352-F642-4EBB-BBF0-815735046FF5}.Release|Any CPU.Build.0 = Release|Any CPU
		{2A0B160D-FB09-4980-B5B0-70E8E0366C43}.Debug|Any CPU.ActiveCfg = Debug|Any CPU
		{2A0B160D-FB09-4980-B5B0-70E8E0366C43}.Debug|Any CPU.Build.0 = Debug|Any CPU
		{2A0B160D-FB09-4980-B5B0-70E8E0366C43}.Release|Any CPU.ActiveCfg = Release|Any CPU
		{2A0B160D-FB09-4980-B5B0-70E8E0366C43}.Release|Any CPU.Build.0 = Release|Any CPU
		{C9EE2464-548E-4179-8B3E-00C55D07CBB5}.Debug|Any CPU.ActiveCfg = Debug|Any CPU
		{C9EE2464-548E-4179-8B3E-00C55D07CBB5}.Debug|Any CPU.Build.0 = Debug|Any CPU
		{C9EE2464-548E-4179-8B3E-00C55D07CBB5}.Release|Any CPU.ActiveCfg = Release|Any CPU
		{C9EE2464-548E-4179-8B3E-00C55D07CBB5}.Release|Any CPU.Build.0 = Release|Any CPU
		{B1E132FB-DDA1-425B-8D02-D41A3D91BF69}.Debug|Any CPU.ActiveCfg = Debug|Any CPU
		{B1E132FB-DDA1-425B-8D02-D41A3D91BF69}.Debug|Any CPU.Build.0 = Debug|Any CPU
		{B1E132FB-DDA1-425B-8D02-D41A3D91BF69}.Release|Any CPU.ActiveCfg = Release|Any CPU
		{B1E132FB-DDA1-425B-8D02-D41A3D91BF69}.Release|Any CPU.Build.0 = Release|Any CPU
		{EB4B8D07-BC91-465A-B971-ED2B736F7A9B}.Debug|Any CPU.ActiveCfg = Debug|Any CPU
		{EB4B8D07-BC91-465A-B971-ED2B736F7A9B}.Debug|Any CPU.Build.0 = Debug|Any CPU
		{EB4B8D07-BC91-465A-B971-ED2B736F7A9B}.Release|Any CPU.ActiveCfg = Release|Any CPU
		{EB4B8D07-BC91-465A-B971-ED2B736F7A9B}.Release|Any CPU.Build.0 = Release|Any CPU
	EndGlobalSection
	GlobalSection(SolutionProperties) = preSolution
		HideSolutionNode = FALSE
	EndGlobalSection
	GlobalSection(NestedProjects) = preSolution
		{5179E574-5FDE-4742-8D59-FFF8754FC605} = {F6AC6A5B-B1FC-452E-9997-4B801A3E1C1F}
		{BD88326B-C017-4E3F-992C-FA06561A6468} = {9DBE6E98-1328-4F60-A002-E65744F327FC}
		{5D6FF352-F642-4EBB-BBF0-815735046FF5} = {9DBE6E98-1328-4F60-A002-E65744F327FC}
		{2A0B160D-FB09-4980-B5B0-70E8E0366C43} = {8EBF4B11-E69E-43F4-ADAB-2DAC57BDD860}
		{C9EE2464-548E-4179-8B3E-00C55D07CBB5} = {DB7C4262-E68C-4080-BBE9-43BF7FF3070A}
		{B1E132FB-DDA1-425B-8D02-D41A3D91BF69} = {DB7C4262-E68C-4080-BBE9-43BF7FF3070A}
		{EB4B8D07-BC91-465A-B971-ED2B736F7A9B} = {F6AC6A5B-B1FC-452E-9997-4B801A3E1C1F}
	EndGlobalSection
	GlobalSection(ExtensibilityGlobals) = postSolution
		SolutionGuid = {4DDA13C0-C150-4E61-8085-D38AD4B19E3E}
	EndGlobalSection
EndGlobal
